PODS:
  - Flutter (1.0.0)
  - flutter_local_notifications (0.0.1):
    - Flutter
  - "geolocator (5.3.2+2)":
    - Flutter
  - google_api_availability (2.0.4):
    - Flutter
  - "location_permissions (3.0.0+1)":
    - Flutter
  - Mapbox-iOS-SDK (5.6.1):
    - MapboxMobileEvents (= 0.10.2)
  - mapbox_gl (0.0.1):
    - Flutter
    - Mapbox-iOS-SDK (~> 5.6.0)
    - MapboxAnnotationExtension (~> 0.0.1-beta.1)
  - mapbox_gl_web (0.1.0):
    - Flutter
  - MapboxAnnotationExtension (0.0.1-beta.1):
    - Mapbox-iOS-SDK (~> 5.2)
  - MapboxMobileEvents (0.10.2)

DEPENDENCIES:
  - Flutter (from `Flutter`)
  - flutter_local_notifications (from `.symlinks/plugins/flutter_local_notifications/ios`)
  - geolocator (from `.symlinks/plugins/geolocator/ios`)
  - google_api_availability (from `.symlinks/plugins/google_api_availability/ios`)
  - location_permissions (from `.symlinks/plugins/location_permissions/ios`)
  - mapbox_gl (from `.symlinks/plugins/mapbox_gl/ios`)
  - mapbox_gl_web (from `.symlinks/plugins/mapbox_gl_web/ios`)

SPEC REPOS:
  trunk:
    - Mapbox-iOS-SDK
    - MapboxAnnotationExtension
    - MapboxMobileEvents

EXTERNAL SOURCES:
  Flutter:
    :path: Flutter
  flutter_local_notifications:
    :path: ".symlinks/plugins/flutter_local_notifications/ios"
  geolocator:
    :path: ".symlinks/plugins/geolocator/ios"
  google_api_availability:
    :path: ".symlinks/plugins/google_api_availability/ios"
  location_permissions:
    :path: ".symlinks/plugins/location_permissions/ios"
  mapbox_gl:
    :path: ".symlinks/plugins/mapbox_gl/ios"
  mapbox_gl_web:
    :path: ".symlinks/plugins/mapbox_gl_web/ios"

SPEC CHECKSUMS:
  Flutter: 0e3d915762c693b495b44d77113d4970485de6ec
  flutter_local_notifications: 9e4738ce2471c5af910d961a6b7eadcf57c50186
  geolocator: f7622e0e7e2a24718285b73916d60c4a54b9f5b6
  google_api_availability: 15fa42a8cd83c0a6738507ffe6e87096f12abcb8
  location_permissions: 7e0f9aa0f60deb8ff93ddf0e2a164c7e8197bc94
  Mapbox-iOS-SDK: b31bd62a5dd5b7e688eab787acd3d093a122f4d6
  mapbox_gl: 48d261b93d7dfc2367c2f93b493ea8f43df5ba96
  mapbox_gl_web: 029cfb3c841d146fde3209538782498350a87f3f
  MapboxAnnotationExtension: d66de5561562c9d940153c0135725e671407b781
  MapboxMobileEvents: 2bc0ca2eedb627b73cf403258dce2b2fa98074a6

PODFILE CHECKSUM: 5cb8b9ab6df74c114bfaeeaff869a53af290c058

COCOAPODS: 1.9.3
